
Microsoft Visual Studio Solution File, Format Version 12.00
# Visual Studio Version 16
VisualStudioVersion = 16.0.29324.140
MinimumVisualStudioVersion = 10.0.40219.1
Project("{FAE04EC0-301F-11D3-BF4B-00C04F79EFBC}") = "BuildingGraph.Integration.Revit", "BuildingGraph.Integration.Revit\BuildingGraph.Integration.Revit.csproj", "{93280FF6-C2CC-4ECE-8C26-D6794F7121D3}"
EndProject
Project("{FAE04EC0-301F-11D3-BF4B-00C04F79EFBC}") = "BuildingGraph.Integration.RevitUI", "BuildingGraph.Integration.RevitUI\BuildingGraph.Integration.RevitUI.csproj", "{F5FECC1A-9803-43EA-A217-E9D321A7C2D2}"
EndProject
Project("{D954291E-2A0B-460D-934E-DC6B0785DB48}") = "BuildConfigurations", "BuildConfigurations\BuildConfigurations.shproj", "{59589E76-D411-4579-810D-A08074E453E7}"
EndProject
Project("{FAE04EC0-301F-11D3-BF4B-00C04F79EFBC}") = "BuildingGraph.Integration.Dynamo", "BuildingGraph.Integration.Dynamo\BuildingGraph.Integration.Dynamo.csproj", "{86A8B497-BD80-4123-8C03-3468BDBCA2A9}"
EndProject
Project("{FAE04EC0-301F-11D3-BF4B-00C04F79EFBC}") = "BuildingGraph.Client.GraphQL", "BuildingGraph-Client\BuildingGraph.Client.GraphQL\BuildingGraph.Client.GraphQL.csproj", "{6217D742-11DC-40D1-8125-D2B98414BE03}"
EndProject
Project("{FAE04EC0-301F-11D3-BF4B-00C04F79EFBC}") = "BuildingGraph.Client.Neo4j", "BuildingGraph-Client\BuildingGraph.Client.Neo4j\BuildingGraph.Client.Neo4j.csproj", "{400E1964-B716-4EA4-B21E-15C1F2135888}"
EndProject
Project("{FAE04EC0-301F-11D3-BF4B-00C04F79EFBC}") = "BuildingGraph.Client.Core", "BuildingGraph-Client\BuildingGraph.Client.Core\BuildingGraph.Client.Core.csproj", "{79E4ED3B-5594-466D-89F9-18D2F00A547E}"
EndProject
Project("{FAE04EC0-301F-11D3-BF4B-00C04F79EFBC}") = "BuildingGraph.Client.Neo4j.Tests", "BuildingGraph-Client\BuildingGraph.Client.Neo4j.Tests\BuildingGraph.Client.Neo4j.Tests.csproj", "{D3C7E333-0C89-405F-B244-38D21681BA75}"
EndProject
Project("{2150E333-8FDC-42A3-9474-1A3956D46DE8}") = "Core", "Core", "{9BF1C022-E870-48C5-B38E-2F68684E8493}"
EndProject
Project("{FAE04EC0-301F-11D3-BF4B-00C04F79EFBC}") = "BuildingGraph.Client.GraphQL.Tests", "BuildingGraph-Client\BuildingGraph.Client.GraphQL.Tests\BuildingGraph.Client.GraphQL.Tests.csproj", "{F365CBD0-8FC4-4706-837D-928FDA741A35}"
EndProject
Project("{9A19103F-16F7-4668-BE54-9A1E7A4F7556}") = "BuildingGraph.Client.DGraph", "BuildingGraph-Client\BuildingGraph.Client.DGraph\BuildingGraph.Client.DGraph.csproj", "{16A6C32C-C39A-421E-9AF5-2D05E23C9DAA}"
EndProject
Global
	GlobalSection(SharedMSBuildProjectFiles) = preSolution
		BuildConfigurations\RevitBuildConfigurations.projitems*{59589e76-d411-4579-810d-a08074e453e7}*SharedItemsImports = 13
	EndGlobalSection
	GlobalSection(SolutionConfigurationPlatforms) = preSolution
		Debug|Any CPU = Debug|Any CPU
		Debug|x64 = Debug|x64
		Debug2018|Any CPU = Debug2018|Any CPU
		Debug2018|x64 = Debug2018|x64
		Debug2019|Any CPU = Debug2019|Any CPU
		Debug2019|x64 = Debug2019|x64
		Debug2020|Any CPU = Debug2020|Any CPU
		Debug2020|x64 = Debug2020|x64
		Debug2021|Any CPU = Debug2021|Any CPU
		Debug2021|x64 = Debug2021|x64
		Debug2022|Any CPU = Debug2022|Any CPU
		Debug2022|x64 = Debug2022|x64
		Release|Any CPU = Release|Any CPU
		Release|x64 = Release|x64
		Release2018|Any CPU = Release2018|Any CPU
		Release2018|x64 = Release2018|x64
		Release2019|Any CPU = Release2019|Any CPU
		Release2019|x64 = Release2019|x64
		Release2020|Any CPU = Release2020|Any CPU
		Release2020|x64 = Release2020|x64
		Release2021|Any CPU = Release2021|Any CPU
		Release2021|x64 = Release2021|x64
	EndGlobalSection
	GlobalSection(ProjectConfigurationPlatforms) = postSolution
		{93280FF6-C2CC-4ECE-8C26-D6794F7121D3}.Debug|Any CPU.ActiveCfg = RV2020Release|x64
		{93280FF6-C2CC-4ECE-8C26-D6794F7121D3}.Debug|Any CPU.Build.0 = RV2020Release|x64
		{93280FF6-C2CC-4ECE-8C26-D6794F7121D3}.Debug|x64.ActiveCfg = RV2020Debug|x64
		{93280FF6-C2CC-4ECE-8C26-D6794F7121D3}.Debug|x64.Build.0 = RV2020Debug|x64
		{93280FF6-C2CC-4ECE-8C26-D6794F7121D3}.Debug2018|Any CPU.ActiveCfg = RV2020Release|x64
		{93280FF6-C2CC-4ECE-8C26-D6794F7121D3}.Debug2018|Any CPU.Build.0 = RV2020Release|x64
		{93280FF6-C2CC-4ECE-8C26-D6794F7121D3}.Debug2018|x64.ActiveCfg = RV2018DBDebug|x64
		{93280FF6-C2CC-4ECE-8C26-D6794F7121D3}.Debug2018|x64.Build.0 = RV2018DBDebug|x64
		{93280FF6-C2CC-4ECE-8C26-D6794F7121D3}.Debug2019|Any CPU.ActiveCfg = RV2020Release|x64
		{93280FF6-C2CC-4ECE-8C26-D6794F7121D3}.Debug2019|Any CPU.Build.0 = RV2020Release|x64
		{93280FF6-C2CC-4ECE-8C26-D6794F7121D3}.Debug2019|x64.ActiveCfg = RV2019DBDebug|x64
		{93280FF6-C2CC-4ECE-8C26-D6794F7121D3}.Debug2019|x64.Build.0 = RV2019DBDebug|x64
		{93280FF6-C2CC-4ECE-8C26-D6794F7121D3}.Debug2020|Any CPU.ActiveCfg = RV2020Release|x64
		{93280FF6-C2CC-4ECE-8C26-D6794F7121D3}.Debug2020|Any CPU.Build.0 = RV2020Release|x64
		{93280FF6-C2CC-4ECE-8C26-D6794F7121D3}.Debug2020|x64.ActiveCfg = RV2020DBDebug|x64
		{93280FF6-C2CC-4ECE-8C26-D6794F7121D3}.Debug2020|x64.Build.0 = RV2020DBDebug|x64
		{93280FF6-C2CC-4ECE-8C26-D6794F7121D3}.Debug2021|Any CPU.ActiveCfg = RV2020Release|x64
		{93280FF6-C2CC-4ECE-8C26-D6794F7121D3}.Debug2021|Any CPU.Build.0 = RV2020Release|x64
		{93280FF6-C2CC-4ECE-8C26-D6794F7121D3}.Debug2021|x64.ActiveCfg = RV2021DBDebug|x64
		{93280FF6-C2CC-4ECE-8C26-D6794F7121D3}.Debug2021|x64.Build.0 = RV2021DBDebug|x64
		{93280FF6-C2CC-4ECE-8C26-D6794F7121D3}.Debug2022|Any CPU.ActiveCfg = RV2020Release|x64
		{93280FF6-C2CC-4ECE-8C26-D6794F7121D3}.Debug2022|Any CPU.Build.0 = RV2020Release|x64
		{93280FF6-C2CC-4ECE-8C26-D6794F7121D3}.Debug2022|x64.ActiveCfg = RV2022DBDebug|x64
		{93280FF6-C2CC-4ECE-8C26-D6794F7121D3}.Debug2022|x64.Build.0 = RV2022DBDebug|x64
		{93280FF6-C2CC-4ECE-8C26-D6794F7121D3}.Release|Any CPU.ActiveCfg = RV2020Release|x64
		{93280FF6-C2CC-4ECE-8C26-D6794F7121D3}.Release|Any CPU.Build.0 = RV2020Release|x64
		{93280FF6-C2CC-4ECE-8C26-D6794F7121D3}.Release|x64.ActiveCfg = RV2020Release|x64
		{93280FF6-C2CC-4ECE-8C26-D6794F7121D3}.Release|x64.Build.0 = RV2020Release|x64
		{93280FF6-C2CC-4ECE-8C26-D6794F7121D3}.Release2018|Any CPU.ActiveCfg = RV2020Release|x64
		{93280FF6-C2CC-4ECE-8C26-D6794F7121D3}.Release2018|Any CPU.Build.0 = RV2020Release|x64
		{93280FF6-C2CC-4ECE-8C26-D6794F7121D3}.Release2018|x64.ActiveCfg = RV2018DBRelease|x64
		{93280FF6-C2CC-4ECE-8C26-D6794F7121D3}.Release2018|x64.Build.0 = RV2018DBRelease|x64
		{93280FF6-C2CC-4ECE-8C26-D6794F7121D3}.Release2019|Any CPU.ActiveCfg = RV2020Release|x64
		{93280FF6-C2CC-4ECE-8C26-D6794F7121D3}.Release2019|Any CPU.Build.0 = RV2020Release|x64
		{93280FF6-C2CC-4ECE-8C26-D6794F7121D3}.Release2019|x64.ActiveCfg = RV2020DBRelease|x64
		{93280FF6-C2CC-4ECE-8C26-D6794F7121D3}.Release2019|x64.Build.0 = RV2020DBRelease|x64
		{93280FF6-C2CC-4ECE-8C26-D6794F7121D3}.Release2020|Any CPU.ActiveCfg = RV2020Release|x64
		{93280FF6-C2CC-4ECE-8C26-D6794F7121D3}.Release2020|Any CPU.Build.0 = RV2020Release|x64
		{93280FF6-C2CC-4ECE-8C26-D6794F7121D3}.Release2020|x64.ActiveCfg = RV2020DBRelease|x64
		{93280FF6-C2CC-4ECE-8C26-D6794F7121D3}.Release2020|x64.Build.0 = RV2020DBRelease|x64
		{93280FF6-C2CC-4ECE-8C26-D6794F7121D3}.Release2021|Any CPU.ActiveCfg = RV2020Release|x64
		{93280FF6-C2CC-4ECE-8C26-D6794F7121D3}.Release2021|Any CPU.Build.0 = RV2020Release|x64
		{93280FF6-C2CC-4ECE-8C26-D6794F7121D3}.Release2021|x64.ActiveCfg = RV2021DBRelease|x64
		{93280FF6-C2CC-4ECE-8C26-D6794F7121D3}.Release2021|x64.Build.0 = RV2021DBRelease|x64
		{F5FECC1A-9803-43EA-A217-E9D321A7C2D2}.Debug|Any CPU.ActiveCfg = Debug2020|x64
		{F5FECC1A-9803-43EA-A217-E9D321A7C2D2}.Debug|Any CPU.Build.0 = Debug2020|x64
		{F5FECC1A-9803-43EA-A217-E9D321A7C2D2}.Debug|x64.ActiveCfg = Debug2020|x64
		{F5FECC1A-9803-43EA-A217-E9D321A7C2D2}.Debug|x64.Build.0 = Debug2020|x64
		{F5FECC1A-9803-43EA-A217-E9D321A7C2D2}.Debug2018|Any CPU.ActiveCfg = Debug2020|x64
		{F5FECC1A-9803-43EA-A217-E9D321A7C2D2}.Debug2018|Any CPU.Build.0 = Debug2020|x64
		{F5FECC1A-9803-43EA-A217-E9D321A7C2D2}.Debug2018|x64.ActiveCfg = RV2018Debug|x64
		{F5FECC1A-9803-43EA-A217-E9D321A7C2D2}.Debug2018|x64.Build.0 = RV2018Debug|x64
		{F5FECC1A-9803-43EA-A217-E9D321A7C2D2}.Debug2019|Any CPU.ActiveCfg = Debug2020|x64
		{F5FECC1A-9803-43EA-A217-E9D321A7C2D2}.Debug2019|Any CPU.Build.0 = Debug2020|x64
		{F5FECC1A-9803-43EA-A217-E9D321A7C2D2}.Debug2019|x64.ActiveCfg = RV2019Debug|x64
		{F5FECC1A-9803-43EA-A217-E9D321A7C2D2}.Debug2019|x64.Build.0 = RV2019Debug|x64
		{F5FECC1A-9803-43EA-A217-E9D321A7C2D2}.Debug2020|Any CPU.ActiveCfg = Debug2020|x64
		{F5FECC1A-9803-43EA-A217-E9D321A7C2D2}.Debug2020|x64.ActiveCfg = RV2020Debug|x64
		{F5FECC1A-9803-43EA-A217-E9D321A7C2D2}.Debug2020|x64.Build.0 = RV2020Debug|x64
		{F5FECC1A-9803-43EA-A217-E9D321A7C2D2}.Debug2021|Any CPU.ActiveCfg = Debug2020|x64
		{F5FECC1A-9803-43EA-A217-E9D321A7C2D2}.Debug2021|x64.ActiveCfg = RV2021Debug|x64
		{F5FECC1A-9803-43EA-A217-E9D321A7C2D2}.Debug2021|x64.Build.0 = RV2021Debug|x64
		{F5FECC1A-9803-43EA-A217-E9D321A7C2D2}.Debug2022|Any CPU.ActiveCfg = Debug2020|x64
		{F5FECC1A-9803-43EA-A217-E9D321A7C2D2}.Debug2022|x64.ActiveCfg = RV2022Debug|x64
		{F5FECC1A-9803-43EA-A217-E9D321A7C2D2}.Debug2022|x64.Build.0 = RV2022Debug|x64
		{F5FECC1A-9803-43EA-A217-E9D321A7C2D2}.Release|Any CPU.ActiveCfg = Debug2020|x64
		{F5FECC1A-9803-43EA-A217-E9D321A7C2D2}.Release|Any CPU.Build.0 = Debug2020|x64
		{F5FECC1A-9803-43EA-A217-E9D321A7C2D2}.Release|x64.ActiveCfg = RV2020DBRelease|x64
		{F5FECC1A-9803-43EA-A217-E9D321A7C2D2}.Release|x64.Build.0 = RV2020DBRelease|x64
		{F5FECC1A-9803-43EA-A217-E9D321A7C2D2}.Release2018|Any CPU.ActiveCfg = Debug2020|x64
		{F5FECC1A-9803-43EA-A217-E9D321A7C2D2}.Release2018|Any CPU.Build.0 = Debug2020|x64
		{F5FECC1A-9803-43EA-A217-E9D321A7C2D2}.Release2018|x64.ActiveCfg = RV2018Release|x64
		{F5FECC1A-9803-43EA-A217-E9D321A7C2D2}.Release2018|x64.Build.0 = RV2018Release|x64
		{F5FECC1A-9803-43EA-A217-E9D321A7C2D2}.Release2019|Any CPU.ActiveCfg = Debug2020|x64
		{F5FECC1A-9803-43EA-A217-E9D321A7C2D2}.Release2019|Any CPU.Build.0 = Debug2020|x64
		{F5FECC1A-9803-43EA-A217-E9D321A7C2D2}.Release2019|x64.ActiveCfg = RV2019Release|x64
		{F5FECC1A-9803-43EA-A217-E9D321A7C2D2}.Release2019|x64.Build.0 = RV2019Release|x64
		{F5FECC1A-9803-43EA-A217-E9D321A7C2D2}.Release2020|Any CPU.ActiveCfg = Debug2020|x64
		{F5FECC1A-9803-43EA-A217-E9D321A7C2D2}.Release2020|Any CPU.Build.0 = Debug2020|x64
		{F5FECC1A-9803-43EA-A217-E9D321A7C2D2}.Release2020|x64.ActiveCfg = RV2020Release|x64
		{F5FECC1A-9803-43EA-A217-E9D321A7C2D2}.Release2020|x64.Build.0 = RV2020Release|x64
		{F5FECC1A-9803-43EA-A217-E9D321A7C2D2}.Release2021|Any CPU.ActiveCfg = Debug2020|x64
		{F5FECC1A-9803-43EA-A217-E9D321A7C2D2}.Release2021|Any CPU.Build.0 = Debug2020|x64
		{F5FECC1A-9803-43EA-A217-E9D321A7C2D2}.Release2021|x64.ActiveCfg = RV2021Release|x64
		{F5FECC1A-9803-43EA-A217-E9D321A7C2D2}.Release2021|x64.Build.0 = RV2021Release|x64
		{86A8B497-BD80-4123-8C03-3468BDBCA2A9}.Debug|Any CPU.ActiveCfg = Debug|Any CPU
		{86A8B497-BD80-4123-8C03-3468BDBCA2A9}.Debug|Any CPU.Build.0 = Debug|Any CPU
		{86A8B497-BD80-4123-8C03-3468BDBCA2A9}.Debug|x64.ActiveCfg = Debug|Any CPU
		{86A8B497-BD80-4123-8C03-3468BDBCA2A9}.Debug|x64.Build.0 = Debug|Any CPU
		{86A8B497-BD80-4123-8C03-3468BDBCA2A9}.Debug2018|Any CPU.ActiveCfg = Debug|Any CPU
		{86A8B497-BD80-4123-8C03-3468BDBCA2A9}.Debug2018|Any CPU.Build.0 = Debug|Any CPU
		{86A8B497-BD80-4123-8C03-3468BDBCA2A9}.Debug2018|x64.ActiveCfg = Debug|Any CPU
		{86A8B497-BD80-4123-8C03-3468BDBCA2A9}.Debug2018|x64.Build.0 = Debug|Any CPU
		{86A8B497-BD80-4123-8C03-3468BDBCA2A9}.Debug2019|Any CPU.ActiveCfg = Debug|Any CPU
		{86A8B497-BD80-4123-8C03-3468BDBCA2A9}.Debug2019|Any CPU.Build.0 = Debug|Any CPU
		{86A8B497-BD80-4123-8C03-3468BDBCA2A9}.Debug2019|x64.ActiveCfg = Debug|x64
		{86A8B497-BD80-4123-8C03-3468BDBCA2A9}.Debug2019|x64.Build.0 = Debug|x64
		{86A8B497-BD80-4123-8C03-3468BDBCA2A9}.Debug2020|Any CPU.ActiveCfg = Debug|Any CPU
		{86A8B497-BD80-4123-8C03-3468BDBCA2A9}.Debug2020|Any CPU.Build.0 = Debug|Any CPU
		{86A8B497-BD80-4123-8C03-3468BDBCA2A9}.Debug2020|x64.ActiveCfg = Debug|x64
		{86A8B497-BD80-4123-8C03-3468BDBCA2A9}.Debug2020|x64.Build.0 = Debug|x64
		{86A8B497-BD80-4123-8C03-3468BDBCA2A9}.Debug2021|Any CPU.ActiveCfg = Debug|Any CPU
		{86A8B497-BD80-4123-8C03-3468BDBCA2A9}.Debug2021|Any CPU.Build.0 = Debug|Any CPU
		{86A8B497-BD80-4123-8C03-3468BDBCA2A9}.Debug2021|x64.ActiveCfg = Debug|x64
		{86A8B497-BD80-4123-8C03-3468BDBCA2A9}.Debug2021|x64.Build.0 = Debug|x64
		{86A8B497-BD80-4123-8C03-3468BDBCA2A9}.Debug2022|Any CPU.ActiveCfg = Debug|Any CPU
		{86A8B497-BD80-4123-8C03-3468BDBCA2A9}.Debug2022|Any CPU.Build.0 = Debug|Any CPU
		{86A8B497-BD80-4123-8C03-3468BDBCA2A9}.Debug2022|x64.ActiveCfg = Debug|x64
		{86A8B497-BD80-4123-8C03-3468BDBCA2A9}.Debug2022|x64.Build.0 = Debug|x64
		{86A8B497-BD80-4123-8C03-3468BDBCA2A9}.Release|Any CPU.ActiveCfg = Release|Any CPU
		{86A8B497-BD80-4123-8C03-3468BDBCA2A9}.Release|Any CPU.Build.0 = Release|Any CPU
		{86A8B497-BD80-4123-8C03-3468BDBCA2A9}.Release|x64.ActiveCfg = Release|Any CPU
		{86A8B497-BD80-4123-8C03-3468BDBCA2A9}.Release|x64.Build.0 = Release|Any CPU
		{86A8B497-BD80-4123-8C03-3468BDBCA2A9}.Release2018|Any CPU.ActiveCfg = Release|Any CPU
		{86A8B497-BD80-4123-8C03-3468BDBCA2A9}.Release2018|Any CPU.Build.0 = Release|Any CPU
		{86A8B497-BD80-4123-8C03-3468BDBCA2A9}.Release2018|x64.ActiveCfg = Release|Any CPU
		{86A8B497-BD80-4123-8C03-3468BDBCA2A9}.Release2018|x64.Build.0 = Release|Any CPU
		{86A8B497-BD80-4123-8C03-3468BDBCA2A9}.Release2019|Any CPU.ActiveCfg = Release|Any CPU
		{86A8B497-BD80-4123-8C03-3468BDBCA2A9}.Release2019|Any CPU.Build.0 = Release|Any CPU
		{86A8B497-BD80-4123-8C03-3468BDBCA2A9}.Release2019|x64.ActiveCfg = Release|Any CPU
		{86A8B497-BD80-4123-8C03-3468BDBCA2A9}.Release2019|x64.Build.0 = Release|Any CPU
		{86A8B497-BD80-4123-8C03-3468BDBCA2A9}.Release2020|Any CPU.ActiveCfg = Release|Any CPU
		{86A8B497-BD80-4123-8C03-3468BDBCA2A9}.Release2020|Any CPU.Build.0 = Release|Any CPU
		{86A8B497-BD80-4123-8C03-3468BDBCA2A9}.Release2020|x64.ActiveCfg = Release|Any CPU
		{86A8B497-BD80-4123-8C03-3468BDBCA2A9}.Release2020|x64.Build.0 = Release|Any CPU
		{86A8B497-BD80-4123-8C03-3468BDBCA2A9}.Release2021|Any CPU.ActiveCfg = Release|Any CPU
		{86A8B497-BD80-4123-8C03-3468BDBCA2A9}.Release2021|Any CPU.Build.0 = Release|Any CPU
		{86A8B497-BD80-4123-8C03-3468BDBCA2A9}.Release2021|x64.ActiveCfg = Release|Any CPU
		{86A8B497-BD80-4123-8C03-3468BDBCA2A9}.Release2021|x64.Build.0 = Release|Any CPU
		{6217D742-11DC-40D1-8125-D2B98414BE03}.Debug|Any CPU.ActiveCfg = Debug|Any CPU
		{6217D742-11DC-40D1-8125-D2B98414BE03}.Debug|Any CPU.Build.0 = Debug|Any CPU
		{6217D742-11DC-40D1-8125-D2B98414BE03}.Debug|x64.ActiveCfg = Debug|x64
		{6217D742-11DC-40D1-8125-D2B98414BE03}.Debug|x64.Build.0 = Debug|x64
		{6217D742-11DC-40D1-8125-D2B98414BE03}.Debug2018|Any CPU.ActiveCfg = Debug|Any CPU
		{6217D742-11DC-40D1-8125-D2B98414BE03}.Debug2018|Any CPU.Build.0 = Debug|Any CPU
		{6217D742-11DC-40D1-8125-D2B98414BE03}.Debug2018|x64.ActiveCfg = Debug|x64
		{6217D742-11DC-40D1-8125-D2B98414BE03}.Debug2018|x64.Build.0 = Debug|x64
		{6217D742-11DC-40D1-8125-D2B98414BE03}.Debug2019|Any CPU.ActiveCfg = Debug|Any CPU
		{6217D742-11DC-40D1-8125-D2B98414BE03}.Debug2019|Any CPU.Build.0 = Debug|Any CPU
		{6217D742-11DC-40D1-8125-D2B98414BE03}.Debug2019|x64.ActiveCfg = Debug|x64
		{6217D742-11DC-40D1-8125-D2B98414BE03}.Debug2019|x64.Build.0 = Debug|x64
		{6217D742-11DC-40D1-8125-D2B98414BE03}.Debug2020|Any CPU.ActiveCfg = Debug|Any CPU
		{6217D742-11DC-40D1-8125-D2B98414BE03}.Debug2020|Any CPU.Build.0 = Debug|Any CPU
		{6217D742-11DC-40D1-8125-D2B98414BE03}.Debug2020|x64.ActiveCfg = Debug|x64
		{6217D742-11DC-40D1-8125-D2B98414BE03}.Debug2020|x64.Build.0 = Debug|x64
		{6217D742-11DC-40D1-8125-D2B98414BE03}.Debug2021|Any CPU.ActiveCfg = Debug|Any CPU
		{6217D742-11DC-40D1-8125-D2B98414BE03}.Debug2021|Any CPU.Build.0 = Debug|Any CPU
		{6217D742-11DC-40D1-8125-D2B98414BE03}.Debug2021|x64.ActiveCfg = Debug|x64
		{6217D742-11DC-40D1-8125-D2B98414BE03}.Debug2021|x64.Build.0 = Debug|x64
		{6217D742-11DC-40D1-8125-D2B98414BE03}.Debug2022|Any CPU.ActiveCfg = Debug|Any CPU
		{6217D742-11DC-40D1-8125-D2B98414BE03}.Debug2022|Any CPU.Build.0 = Debug|Any CPU
		{6217D742-11DC-40D1-8125-D2B98414BE03}.Debug2022|x64.ActiveCfg = Debug|x64
		{6217D742-11DC-40D1-8125-D2B98414BE03}.Debug2022|x64.Build.0 = Debug|x64
		{6217D742-11DC-40D1-8125-D2B98414BE03}.Release|Any CPU.ActiveCfg = Release|Any CPU
		{6217D742-11DC-40D1-8125-D2B98414BE03}.Release|Any CPU.Build.0 = Release|Any CPU
		{6217D742-11DC-40D1-8125-D2B98414BE03}.Release|x64.ActiveCfg = Release|x64
		{6217D742-11DC-40D1-8125-D2B98414BE03}.Release|x64.Build.0 = Release|x64
		{6217D742-11DC-40D1-8125-D2B98414BE03}.Release2018|Any CPU.ActiveCfg = Release|Any CPU
		{6217D742-11DC-40D1-8125-D2B98414BE03}.Release2018|Any CPU.Build.0 = Release|Any CPU
		{6217D742-11DC-40D1-8125-D2B98414BE03}.Release2018|x64.ActiveCfg = Release|x64
		{6217D742-11DC-40D1-8125-D2B98414BE03}.Release2018|x64.Build.0 = Release|x64
		{6217D742-11DC-40D1-8125-D2B98414BE03}.Release2019|Any CPU.ActiveCfg = Release|Any CPU
		{6217D742-11DC-40D1-8125-D2B98414BE03}.Release2019|Any CPU.Build.0 = Release|Any CPU
		{6217D742-11DC-40D1-8125-D2B98414BE03}.Release2019|x64.ActiveCfg = Release|x64
		{6217D742-11DC-40D1-8125-D2B98414BE03}.Release2019|x64.Build.0 = Release|x64
		{6217D742-11DC-40D1-8125-D2B98414BE03}.Release2020|Any CPU.ActiveCfg = Release|Any CPU
		{6217D742-11DC-40D1-8125-D2B98414BE03}.Release2020|Any CPU.Build.0 = Release|Any CPU
		{6217D742-11DC-40D1-8125-D2B98414BE03}.Release2020|x64.ActiveCfg = Release|x64
		{6217D742-11DC-40D1-8125-D2B98414BE03}.Release2020|x64.Build.0 = Release|x64
		{6217D742-11DC-40D1-8125-D2B98414BE03}.Release2021|Any CPU.ActiveCfg = Release|Any CPU
		{6217D742-11DC-40D1-8125-D2B98414BE03}.Release2021|Any CPU.Build.0 = Release|Any CPU
		{6217D742-11DC-40D1-8125-D2B98414BE03}.Release2021|x64.ActiveCfg = Release|x64
		{6217D742-11DC-40D1-8125-D2B98414BE03}.Release2021|x64.Build.0 = Release|x64
		{400E1964-B716-4EA4-B21E-15C1F2135888}.Debug|Any CPU.ActiveCfg = Debug|Any CPU
		{400E1964-B716-4EA4-B21E-15C1F2135888}.Debug|Any CPU.Build.0 = Debug|Any CPU
		{400E1964-B716-4EA4-B21E-15C1F2135888}.Debug|x64.ActiveCfg = Debug|x64
		{400E1964-B716-4EA4-B21E-15C1F2135888}.Debug|x64.Build.0 = Debug|x64
		{400E1964-B716-4EA4-B21E-15C1F2135888}.Debug2018|Any CPU.ActiveCfg = Debug|Any CPU
		{400E1964-B716-4EA4-B21E-15C1F2135888}.Debug2018|Any CPU.Build.0 = Debug|Any CPU
		{400E1964-B716-4EA4-B21E-15C1F2135888}.Debug2018|x64.ActiveCfg = Debug|x64
		{400E1964-B716-4EA4-B21E-15C1F2135888}.Debug2018|x64.Build.0 = Debug|x64
		{400E1964-B716-4EA4-B21E-15C1F2135888}.Debug2019|Any CPU.ActiveCfg = Debug|Any CPU
		{400E1964-B716-4EA4-B21E-15C1F2135888}.Debug2019|Any CPU.Build.0 = Debug|Any CPU
		{400E1964-B716-4EA4-B21E-15C1F2135888}.Debug2019|x64.ActiveCfg = Debug|x64
		{400E1964-B716-4EA4-B21E-15C1F2135888}.Debug2019|x64.Build.0 = Debug|x64
		{400E1964-B716-4EA4-B21E-15C1F2135888}.Debug2020|Any CPU.ActiveCfg = Debug|Any CPU
		{400E1964-B716-4EA4-B21E-15C1F2135888}.Debug2020|Any CPU.Build.0 = Debug|Any CPU
		{400E1964-B716-4EA4-B21E-15C1F2135888}.Debug2020|x64.ActiveCfg = Debug|x64
		{400E1964-B716-4EA4-B21E-15C1F2135888}.Debug2020|x64.Build.0 = Debug|x64
		{400E1964-B716-4EA4-B21E-15C1F2135888}.Debug2021|Any CPU.ActiveCfg = Debug|Any CPU
		{400E1964-B716-4EA4-B21E-15C1F2135888}.Debug2021|Any CPU.Build.0 = Debug|Any CPU
		{400E1964-B716-4EA4-B21E-15C1F2135888}.Debug2021|x64.ActiveCfg = Debug|x64
		{400E1964-B716-4EA4-B21E-15C1F2135888}.Debug2021|x64.Build.0 = Debug|x64
		{400E1964-B716-4EA4-B21E-15C1F2135888}.Debug2022|Any CPU.ActiveCfg = Debug|Any CPU
		{400E1964-B716-4EA4-B21E-15C1F2135888}.Debug2022|Any CPU.Build.0 = Debug|Any CPU
		{400E1964-B716-4EA4-B21E-15C1F2135888}.Debug2022|x64.ActiveCfg = Debug|x64
		{400E1964-B716-4EA4-B21E-15C1F2135888}.Debug2022|x64.Build.0 = Debug|x64
		{400E1964-B716-4EA4-B21E-15C1F2135888}.Release|Any CPU.ActiveCfg = Release|Any CPU
		{400E1964-B716-4EA4-B21E-15C1F2135888}.Release|Any CPU.Build.0 = Release|Any CPU
		{400E1964-B716-4EA4-B21E-15C1F2135888}.Release|x64.ActiveCfg = Release|x64
		{400E1964-B716-4EA4-B21E-15C1F2135888}.Release|x64.Build.0 = Release|x64
		{400E1964-B716-4EA4-B21E-15C1F2135888}.Release2018|Any CPU.ActiveCfg = Release|Any CPU
		{400E1964-B716-4EA4-B21E-15C1F2135888}.Release2018|Any CPU.Build.0 = Release|Any CPU
		{400E1964-B716-4EA4-B21E-15C1F2135888}.Release2018|x64.ActiveCfg = Release|x64
		{400E1964-B716-4EA4-B21E-15C1F2135888}.Release2018|x64.Build.0 = Release|x64
		{400E1964-B716-4EA4-B21E-15C1F2135888}.Release2019|Any CPU.ActiveCfg = Release|Any CPU
		{400E1964-B716-4EA4-B21E-15C1F2135888}.Release2019|Any CPU.Build.0 = Release|Any CPU
		{400E1964-B716-4EA4-B21E-15C1F2135888}.Release2019|x64.ActiveCfg = Release|x64
		{400E1964-B716-4EA4-B21E-15C1F2135888}.Release2019|x64.Build.0 = Release|x64
		{400E1964-B716-4EA4-B21E-15C1F2135888}.Release2020|Any CPU.ActiveCfg = Release|Any CPU
		{400E1964-B716-4EA4-B21E-15C1F2135888}.Release2020|Any CPU.Build.0 = Release|Any CPU
		{400E1964-B716-4EA4-B21E-15C1F2135888}.Release2020|x64.ActiveCfg = Release|x64
		{400E1964-B716-4EA4-B21E-15C1F2135888}.Release2020|x64.Build.0 = Release|x64
		{400E1964-B716-4EA4-B21E-15C1F2135888}.Release2021|Any CPU.ActiveCfg = Release|Any CPU
		{400E1964-B716-4EA4-B21E-15C1F2135888}.Release2021|Any CPU.Build.0 = Release|Any CPU
		{400E1964-B716-4EA4-B21E-15C1F2135888}.Release2021|x64.ActiveCfg = Release|x64
		{400E1964-B716-4EA4-B21E-15C1F2135888}.Release2021|x64.Build.0 = Release|x64
		{79E4ED3B-5594-466D-89F9-18D2F00A547E}.Debug|Any CPU.ActiveCfg = Debug|Any CPU
		{79E4ED3B-5594-466D-89F9-18D2F00A547E}.Debug|Any CPU.Build.0 = Debug|Any CPU
		{79E4ED3B-5594-466D-89F9-18D2F00A547E}.Debug|x64.ActiveCfg = Debug|Any CPU
		{79E4ED3B-5594-466D-89F9-18D2F00A547E}.Debug|x64.Build.0 = Debug|Any CPU
		{79E4ED3B-5594-466D-89F9-18D2F00A547E}.Debug2018|Any CPU.ActiveCfg = Debug|Any CPU
		{79E4ED3B-5594-466D-89F9-18D2F00A547E}.Debug2018|Any CPU.Build.0 = Debug|Any CPU
		{79E4ED3B-5594-466D-89F9-18D2F00A547E}.Debug2018|x64.ActiveCfg = Debug|Any CPU
		{79E4ED3B-5594-466D-89F9-18D2F00A547E}.Debug2018|x64.Build.0 = Debug|Any CPU
		{79E4ED3B-5594-466D-89F9-18D2F00A547E}.Debug2019|Any CPU.ActiveCfg = Debug|Any CPU
		{79E4ED3B-5594-466D-89F9-18D2F00A547E}.Debug2019|Any CPU.Build.0 = Debug|Any CPU
		{79E4ED3B-5594-466D-89F9-18D2F00A547E}.Debug2019|x64.ActiveCfg = Debug|Any CPU
		{79E4ED3B-5594-466D-89F9-18D2F00A547E}.Debug2019|x64.Build.0 = Debug|Any CPU
		{79E4ED3B-5594-466D-89F9-18D2F00A547E}.Debug2020|Any CPU.ActiveCfg = Debug|Any CPU
		{79E4ED3B-5594-466D-89F9-18D2F00A547E}.Debug2020|Any CPU.Build.0 = Debug|Any CPU
		{79E4ED3B-5594-466D-89F9-18D2F00A547E}.Debug2020|x64.ActiveCfg = Debug|x64
		{79E4ED3B-5594-466D-89F9-18D2F00A547E}.Debug2020|x64.Build.0 = Debug|x64
		{79E4ED3B-5594-466D-89F9-18D2F00A547E}.Debug2021|Any CPU.ActiveCfg = Debug|Any CPU
		{79E4ED3B-5594-466D-89F9-18D2F00A547E}.Debug2021|Any CPU.Build.0 = Debug|Any CPU
		{79E4ED3B-5594-466D-89F9-18D2F00A547E}.Debug2021|x64.ActiveCfg = Debug|x64
		{79E4ED3B-5594-466D-89F9-18D2F00A547E}.Debug2021|x64.Build.0 = Debug|x64
		{79E4ED3B-5594-466D-89F9-18D2F00A547E}.Debug2022|Any CPU.ActiveCfg = Debug|Any CPU
		{79E4ED3B-5594-466D-89F9-18D2F00A547E}.Debug2022|Any CPU.Build.0 = Debug|Any CPU
		{79E4ED3B-5594-466D-89F9-18D2F00A547E}.Debug2022|x64.ActiveCfg = Debug|x64
		{79E4ED3B-5594-466D-89F9-18D2F00A547E}.Debug2022|x64.Build.0 = Debug|x64
		{79E4ED3B-5594-466D-89F9-18D2F00A547E}.Release|Any CPU.ActiveCfg = Release|Any CPU
		{79E4ED3B-5594-466D-89F9-18D2F00A547E}.Release|Any CPU.Build.0 = Release|Any CPU
		{79E4ED3B-5594-466D-89F9-18D2F00A547E}.Release|x64.ActiveCfg = Release|Any CPU
		{79E4ED3B-5594-466D-89F9-18D2F00A547E}.Release|x64.Build.0 = Release|Any CPU
		{79E4ED3B-5594-466D-89F9-18D2F00A547E}.Release2018|Any CPU.ActiveCfg = Release|Any CPU
		{79E4ED3B-5594-466D-89F9-18D2F00A547E}.Release2018|Any CPU.Build.0 = Release|Any CPU
		{79E4ED3B-5594-466D-89F9-18D2F00A547E}.Release2018|x64.ActiveCfg = Release|Any CPU
		{79E4ED3B-5594-466D-89F9-18D2F00A547E}.Release2018|x64.Build.0 = Release|Any CPU
		{79E4ED3B-5594-466D-89F9-18D2F00A547E}.Release2019|Any CPU.ActiveCfg = Release|Any CPU
		{79E4ED3B-5594-466D-89F9-18D2F00A547E}.Release2019|Any CPU.Build.0 = Release|Any CPU
		{79E4ED3B-5594-466D-89F9-18D2F00A547E}.Release2019|x64.ActiveCfg = Release|Any CPU
		{79E4ED3B-5594-466D-89F9-18D2F00A547E}.Release2019|x64.Build.0 = Release|Any CPU
		{79E4ED3B-5594-466D-89F9-18D2F00A547E}.Release2020|Any CPU.ActiveCfg = Release|Any CPU
		{79E4ED3B-5594-466D-89F9-18D2F00A547E}.Release2020|Any CPU.Build.0 = Release|Any CPU
		{79E4ED3B-5594-466D-89F9-18D2F00A547E}.Release2020|x64.ActiveCfg = Release|Any CPU
		{79E4ED3B-5594-466D-89F9-18D2F00A547E}.Release2020|x64.Build.0 = Release|Any CPU
		{79E4ED3B-5594-466D-89F9-18D2F00A547E}.Release2021|Any CPU.ActiveCfg = Release|Any CPU
		{79E4ED3B-5594-466D-89F9-18D2F00A547E}.Release2021|Any CPU.Build.0 = Release|Any CPU
		{79E4ED3B-5594-466D-89F9-18D2F00A547E}.Release2021|x64.ActiveCfg = Release|Any CPU
		{79E4ED3B-5594-466D-89F9-18D2F00A547E}.Release2021|x64.Build.0 = Release|Any CPU
		{D3C7E333-0C89-405F-B244-38D21681BA75}.Debug|Any CPU.ActiveCfg = Debug|Any CPU
		{D3C7E333-0C89-405F-B244-38D21681BA75}.Debug|Any CPU.Build.0 = Debug|Any CPU
		{D3C7E333-0C89-405F-B244-38D21681BA75}.Debug|x64.ActiveCfg = Debug|Any CPU
		{D3C7E333-0C89-405F-B244-38D21681BA75}.Debug|x64.Build.0 = Debug|Any CPU
		{D3C7E333-0C89-405F-B244-38D21681BA75}.Debug2018|Any CPU.ActiveCfg = Debug|Any CPU
		{D3C7E333-0C89-405F-B244-38D21681BA75}.Debug2018|Any CPU.Build.0 = Debug|Any CPU
		{D3C7E333-0C89-405F-B244-38D21681BA75}.Debug2018|x64.ActiveCfg = Debug|Any CPU
		{D3C7E333-0C89-405F-B244-38D21681BA75}.Debug2018|x64.Build.0 = Debug|Any CPU
		{D3C7E333-0C89-405F-B244-38D21681BA75}.Debug2019|Any CPU.ActiveCfg = Debug|Any CPU
		{D3C7E333-0C89-405F-B244-38D21681BA75}.Debug2019|Any CPU.Build.0 = Debug|Any CPU
		{D3C7E333-0C89-405F-B244-38D21681BA75}.Debug2019|x64.ActiveCfg = Debug|x64
		{D3C7E333-0C89-405F-B244-38D21681BA75}.Debug2019|x64.Build.0 = Debug|x64
		{D3C7E333-0C89-405F-B244-38D21681BA75}.Debug2020|Any CPU.ActiveCfg = Debug|Any CPU
		{D3C7E333-0C89-405F-B244-38D21681BA75}.Debug2020|Any CPU.Build.0 = Debug|Any CPU
		{D3C7E333-0C89-405F-B244-38D21681BA75}.Debug2020|x64.ActiveCfg = Debug|x64
		{D3C7E333-0C89-405F-B244-38D21681BA75}.Debug2020|x64.Build.0 = Debug|x64
		{D3C7E333-0C89-405F-B244-38D21681BA75}.Debug2021|Any CPU.ActiveCfg = Debug|Any CPU
		{D3C7E333-0C89-405F-B244-38D21681BA75}.Debug2021|Any CPU.Build.0 = Debug|Any CPU
		{D3C7E333-0C89-405F-B244-38D21681BA75}.Debug2021|x64.ActiveCfg = Debug|x64
		{D3C7E333-0C89-405F-B244-38D21681BA75}.Debug2021|x64.Build.0 = Debug|x64
		{D3C7E333-0C89-405F-B244-38D21681BA75}.Debug2022|Any CPU.ActiveCfg = Debug|Any CPU
		{D3C7E333-0C89-405F-B244-38D21681BA75}.Debug2022|Any CPU.Build.0 = Debug|Any CPU
		{D3C7E333-0C89-405F-B244-38D21681BA75}.Debug2022|x64.ActiveCfg = Debug|x64
		{D3C7E333-0C89-405F-B244-38D21681BA75}.Debug2022|x64.Build.0 = Debug|x64
		{D3C7E333-0C89-405F-B244-38D21681BA75}.Release|Any CPU.ActiveCfg = Release|Any CPU
		{D3C7E333-0C89-405F-B244-38D21681BA75}.Release|Any CPU.Build.0 = Release|Any CPU
		{D3C7E333-0C89-405F-B244-38D21681BA75}.Release|x64.ActiveCfg = Release|Any CPU
		{D3C7E333-0C89-405F-B244-38D21681BA75}.Release|x64.Build.0 = Release|Any CPU
		{D3C7E333-0C89-405F-B244-38D21681BA75}.Release2018|Any CPU.ActiveCfg = Release|Any CPU
		{D3C7E333-0C89-405F-B244-38D21681BA75}.Release2018|Any CPU.Build.0 = Release|Any CPU
		{D3C7E333-0C89-405F-B244-38D21681BA75}.Release2018|x64.ActiveCfg = Release|Any CPU
		{D3C7E333-0C89-405F-B244-38D21681BA75}.Release2018|x64.Build.0 = Release|Any CPU
		{D3C7E333-0C89-405F-B244-38D21681BA75}.Release2019|Any CPU.ActiveCfg = Release|Any CPU
		{D3C7E333-0C89-405F-B244-38D21681BA75}.Release2019|Any CPU.Build.0 = Release|Any CPU
		{D3C7E333-0C89-405F-B244-38D21681BA75}.Release2019|x64.ActiveCfg = Release|Any CPU
		{D3C7E333-0C89-405F-B244-38D21681BA75}.Release2019|x64.Build.0 = Release|Any CPU
		{D3C7E333-0C89-405F-B244-38D21681BA75}.Release2020|Any CPU.ActiveCfg = Release|Any CPU
		{D3C7E333-0C89-405F-B244-38D21681BA75}.Release2020|Any CPU.Build.0 = Release|Any CPU
		{D3C7E333-0C89-405F-B244-38D21681BA75}.Release2020|x64.ActiveCfg = Release|Any CPU
		{D3C7E333-0C89-405F-B244-38D21681BA75}.Release2020|x64.Build.0 = Release|Any CPU
		{D3C7E333-0C89-405F-B244-38D21681BA75}.Release2021|Any CPU.ActiveCfg = Release|Any CPU
		{D3C7E333-0C89-405F-B244-38D21681BA75}.Release2021|Any CPU.Build.0 = Release|Any CPU
		{D3C7E333-0C89-405F-B244-38D21681BA75}.Release2021|x64.ActiveCfg = Release|Any CPU
		{D3C7E333-0C89-405F-B244-38D21681BA75}.Release2021|x64.Build.0 = Release|Any CPU
		{F365CBD0-8FC4-4706-837D-928FDA741A35}.Debug|Any CPU.ActiveCfg = Debug|Any CPU
		{F365CBD0-8FC4-4706-837D-928FDA741A35}.Debug|Any CPU.Build.0 = Debug|Any CPU
		{F365CBD0-8FC4-4706-837D-928FDA741A35}.Debug|x64.ActiveCfg = Debug|x64
		{F365CBD0-8FC4-4706-837D-928FDA741A35}.Debug|x64.Build.0 = Debug|x64
		{F365CBD0-8FC4-4706-837D-928FDA741A35}.Debug2018|Any CPU.ActiveCfg = Debug|Any CPU
		{F365CBD0-8FC4-4706-837D-928FDA741A35}.Debug2018|Any CPU.Build.0 = Debug|Any CPU
		{F365CBD0-8FC4-4706-837D-928FDA741A35}.Debug2018|x64.ActiveCfg = Debug|x64
		{F365CBD0-8FC4-4706-837D-928FDA741A35}.Debug2018|x64.Build.0 = Debug|x64
		{F365CBD0-8FC4-4706-837D-928FDA741A35}.Debug2019|Any CPU.ActiveCfg = Debug|Any CPU
		{F365CBD0-8FC4-4706-837D-928FDA741A35}.Debug2019|Any CPU.Build.0 = Debug|Any CPU
		{F365CBD0-8FC4-4706-837D-928FDA741A35}.Debug2019|x64.ActiveCfg = Debug|x64
		{F365CBD0-8FC4-4706-837D-928FDA741A35}.Debug2019|x64.Build.0 = Debug|x64
		{F365CBD0-8FC4-4706-837D-928FDA741A35}.Debug2020|Any CPU.ActiveCfg = Debug|Any CPU
		{F365CBD0-8FC4-4706-837D-928FDA741A35}.Debug2020|Any CPU.Build.0 = Debug|Any CPU
		{F365CBD0-8FC4-4706-837D-928FDA741A35}.Debug2020|x64.ActiveCfg = Debug|x64
		{F365CBD0-8FC4-4706-837D-928FDA741A35}.Debug2020|x64.Build.0 = Debug|x64
		{F365CBD0-8FC4-4706-837D-928FDA741A35}.Debug2021|Any CPU.ActiveCfg = Debug|Any CPU
		{F365CBD0-8FC4-4706-837D-928FDA741A35}.Debug2021|Any CPU.Build.0 = Debug|Any CPU
		{F365CBD0-8FC4-4706-837D-928FDA741A35}.Debug2021|x64.ActiveCfg = Debug|x64
		{F365CBD0-8FC4-4706-837D-928FDA741A35}.Debug2021|x64.Build.0 = Debug|x64
		{F365CBD0-8FC4-4706-837D-928FDA741A35}.Debug2022|Any CPU.ActiveCfg = Debug|Any CPU
		{F365CBD0-8FC4-4706-837D-928FDA741A35}.Debug2022|Any CPU.Build.0 = Debug|Any CPU
		{F365CBD0-8FC4-4706-837D-928FDA741A35}.Debug2022|x64.ActiveCfg = Debug|x64
		{F365CBD0-8FC4-4706-837D-928FDA741A35}.Debug2022|x64.Build.0 = Debug|x64
		{F365CBD0-8FC4-4706-837D-928FDA741A35}.Release|Any CPU.ActiveCfg = Release|Any CPU
		{F365CBD0-8FC4-4706-837D-928FDA741A35}.Release|Any CPU.Build.0 = Release|Any CPU
		{F365CBD0-8FC4-4706-837D-928FDA741A35}.Release|x64.ActiveCfg = Release|x64
		{F365CBD0-8FC4-4706-837D-928FDA741A35}.Release|x64.Build.0 = Release|x64
		{F365CBD0-8FC4-4706-837D-928FDA741A35}.Release2018|Any CPU.ActiveCfg = Release|Any CPU
		{F365CBD0-8FC4-4706-837D-928FDA741A35}.Release2018|Any CPU.Build.0 = Release|Any CPU
		{F365CBD0-8FC4-4706-837D-928FDA741A35}.Release2018|x64.ActiveCfg = Release|x64
		{F365CBD0-8FC4-4706-837D-928FDA741A35}.Release2018|x64.Build.0 = Release|x64
		{F365CBD0-8FC4-4706-837D-928FDA741A35}.Release2019|Any CPU.ActiveCfg = Release|Any CPU
		{F365CBD0-8FC4-4706-837D-928FDA741A35}.Release2019|Any CPU.Build.0 = Release|Any CPU
		{F365CBD0-8FC4-4706-837D-928FDA741A35}.Release2019|x64.ActiveCfg = Release|x64
		{F365CBD0-8FC4-4706-837D-928FDA741A35}.Release2019|x64.Build.0 = Release|x64
		{F365CBD0-8FC4-4706-837D-928FDA741A35}.Release2020|Any CPU.ActiveCfg = Release|Any CPU
		{F365CBD0-8FC4-4706-837D-928FDA741A35}.Release2020|Any CPU.Build.0 = Release|Any CPU
		{F365CBD0-8FC4-4706-837D-928FDA741A35}.Release2020|x64.ActiveCfg = Release|x64
		{F365CBD0-8FC4-4706-837D-928FDA741A35}.Release2020|x64.Build.0 = Release|x64
		{F365CBD0-8FC4-4706-837D-928FDA741A35}.Release2021|Any CPU.ActiveCfg = Release|Any CPU
		{F365CBD0-8FC4-4706-837D-928FDA741A35}.Release2021|Any CPU.Build.0 = Release|Any CPU
		{F365CBD0-8FC4-4706-837D-928FDA741A35}.Release2021|x64.ActiveCfg = Release|x64
		{F365CBD0-8FC4-4706-837D-928FDA741A35}.Release2021|x64.Build.0 = Release|x64
		{16A6C32C-C39A-421E-9AF5-2D05E23C9DAA}.Debug|Any CPU.ActiveCfg = Debug|Any CPU
		{16A6C32C-C39A-421E-9AF5-2D05E23C9DAA}.Debug|Any CPU.Build.0 = Debug|Any CPU
		{16A6C32C-C39A-421E-9AF5-2D05E23C9DAA}.Debug|x64.ActiveCfg = Debug|Any CPU
		{16A6C32C-C39A-421E-9AF5-2D05E23C9DAA}.Debug|x64.Build.0 = Debug|Any CPU
		{16A6C32C-C39A-421E-9AF5-2D05E23C9DAA}.Debug2018|Any CPU.ActiveCfg = Debug|Any CPU
		{16A6C32C-C39A-421E-9AF5-2D05E23C9DAA}.Debug2018|Any CPU.Build.0 = Debug|Any CPU
		{16A6C32C-C39A-421E-9AF5-2D05E23C9DAA}.Debug2018|x64.ActiveCfg = Debug|Any CPU
		{16A6C32C-C39A-421E-9AF5-2D05E23C9DAA}.Debug2018|x64.Build.0 = Debug|Any CPU
		{16A6C32C-C39A-421E-9AF5-2D05E23C9DAA}.Debug2019|Any CPU.ActiveCfg = Debug|Any CPU
		{16A6C32C-C39A-421E-9AF5-2D05E23C9DAA}.Debug2019|Any CPU.Build.0 = Debug|Any CPU
		{16A6C32C-C39A-421E-9AF5-2D05E23C9DAA}.Debug2019|x64.ActiveCfg = Debug|Any CPU
		{16A6C32C-C39A-421E-9AF5-2D05E23C9DAA}.Debug2019|x64.Build.0 = Debug|Any CPU
		{16A6C32C-C39A-421E-9AF5-2D05E23C9DAA}.Debug2020|Any CPU.ActiveCfg = Debug|Any CPU
		{16A6C32C-C39A-421E-9AF5-2D05E23C9DAA}.Debug2020|Any CPU.Build.0 = Debug|Any CPU
		{16A6C32C-C39A-421E-9AF5-2D05E23C9DAA}.Debug2020|x64.ActiveCfg = Debug|Any CPU
		{16A6C32C-C39A-421E-9AF5-2D05E23C9DAA}.Debug2020|x64.Build.0 = Debug|Any CPU
		{16A6C32C-C39A-421E-9AF5-2D05E23C9DAA}.Debug2021|Any CPU.ActiveCfg = Debug|Any CPU
		{16A6C32C-C39A-421E-9AF5-2D05E23C9DAA}.Debug2021|Any CPU.Build.0 = Debug|Any CPU
		{16A6C32C-C39A-421E-9AF5-2D05E23C9DAA}.Debug2021|x64.ActiveCfg = Debug|Any CPU
		{16A6C32C-C39A-421E-9AF5-2D05E23C9DAA}.Debug2021|x64.Build.0 = Debug|Any CPU
		{16A6C32C-C39A-421E-9AF5-2D05E23C9DAA}.Debug2022|Any CPU.ActiveCfg = Debug|Any CPU
		{16A6C32C-C39A-421E-9AF5-2D05E23C9DAA}.Debug2022|Any CPU.Build.0 = Debug|Any CPU
		{16A6C32C-C39A-421E-9AF5-2D05E23C9DAA}.Debug2022|x64.ActiveCfg = Debug|Any CPU
		{16A6C32C-C39A-421E-9AF5-2D05E23C9DAA}.Debug2022|x64.Build.0 = Debug|Any CPU
		{16A6C32C-C39A-421E-9AF5-2D05E23C9DAA}.Release|Any CPU.ActiveCfg = Release|Any CPU
		{16A6C32C-C39A-421E-9AF5-2D05E23C9DAA}.Release|Any CPU.Build.0 = Release|Any CPU
		{16A6C32C-C39A-421E-9AF5-2D05E23C9DAA}.Release|x64.ActiveCfg = Release|Any CPU
		{16A6C32C-C39A-421E-9AF5-2D05E23C9DAA}.Release|x64.Build.0 = Release|Any CPU
		{16A6C32C-C39A-421E-9AF5-2D05E23C9DAA}.Release2018|Any CPU.ActiveCfg = Release|Any CPU
		{16A6C32C-C39A-421E-9AF5-2D05E23C9DAA}.Release2018|Any CPU.Build.0 = Release|Any CPU
		{16A6C32C-C39A-421E-9AF5-2D05E23C9DAA}.Release2018|x64.ActiveCfg = Release|Any CPU
		{16A6C32C-C39A-421E-9AF5-2D05E23C9DAA}.Release2018|x64.Build.0 = Release|Any CPU
		{16A6C32C-C39A-421E-9AF5-2D05E23C9DAA}.Release2019|Any CPU.ActiveCfg = Release|Any CPU
		{16A6C32C-C39A-421E-9AF5-2D05E23C9DAA}.Release2019|Any CPU.Build.0 = Release|Any CPU
		{16A6C32C-C39A-421E-9AF5-2D05E23C9DAA}.Release2019|x64.ActiveCfg = Release|Any CPU
		{16A6C32C-C39A-421E-9AF5-2D05E23C9DAA}.Release2019|x64.Build.0 = Release|Any CPU
		{16A6C32C-C39A-421E-9AF5-2D05E23C9DAA}.Release2020|Any CPU.ActiveCfg = Release|Any CPU
		{16A6C32C-C39A-421E-9AF5-2D05E23C9DAA}.Release2020|Any CPU.Build.0 = Release|Any CPU
		{16A6C32C-C39A-421E-9AF5-2D05E23C9DAA}.Release2020|x64.ActiveCfg = Release|Any CPU
		{16A6C32C-C39A-421E-9AF5-2D05E23C9DAA}.Release2020|x64.Build.0 = Release|Any CPU
		{16A6C32C-C39A-421E-9AF5-2D05E23C9DAA}.Release2021|Any CPU.ActiveCfg = Release|Any CPU
		{16A6C32C-C39A-421E-9AF5-2D05E23C9DAA}.Release2021|Any CPU.Build.0 = Release|Any CPU
		{16A6C32C-C39A-421E-9AF5-2D05E23C9DAA}.Release2021|x64.ActiveCfg = Release|Any CPU
		{16A6C32C-C39A-421E-9AF5-2D05E23C9DAA}.Release2021|x64.Build.0 = Release|Any CPU
	EndGlobalSection
	GlobalSection(SolutionProperties) = preSolution
		HideSolutionNode = FALSE
	EndGlobalSection
	GlobalSection(NestedProjects) = preSolution
		{6217D742-11DC-40D1-8125-D2B98414BE03} = {9BF1C022-E870-48C5-B38E-2F68684E8493}
		{400E1964-B716-4EA4-B21E-15C1F2135888} = {9BF1C022-E870-48C5-B38E-2F68684E8493}
		{79E4ED3B-5594-466D-89F9-18D2F00A547E} = {9BF1C022-E870-48C5-B38E-2F68684E8493}
		{D3C7E333-0C89-405F-B244-38D21681BA75} = {9BF1C022-E870-48C5-B38E-2F68684E8493}
		{F365CBD0-8FC4-4706-837D-928FDA741A35} = {9BF1C022-E870-48C5-B38E-2F68684E8493}
		{16A6C32C-C39A-421E-9AF5-2D05E23C9DAA} = {9BF1C022-E870-48C5-B38E-2F68684E8493}
	EndGlobalSection
	GlobalSection(ExtensibilityGlobals) = postSolution
		SolutionGuid = {D56EF679-D1D3-4CB1-BE53-7981591D6E5E}
	EndGlobalSection
EndGlobal
