
Microsoft Visual Studio Solution File, Format Version 12.00
# Visual Studio Version 16
VisualStudioVersion = 16.0.29324.140
MinimumVisualStudioVersion = 10.0.40219.1
Project("{FAE04EC0-301F-11D3-BF4B-00C04F79EFBC}") = "BuildingGraph.Integration.Revit", "BuildingGraph.Integration.Revit\BuildingGraph.Integration.Revit.csproj", "{93280FF6-C2CC-4ECE-8C26-D6794F7121D3}"
EndProject
Project("{FAE04EC0-301F-11D3-BF4B-00C04F79EFBC}") = "BuildingGraph.Client.Neo4j", "BuildingGraph.Client.Neo4j\BuildingGraph.Client.Neo4j.csproj", "{400E1964-B716-4EA4-B21E-15C1F2135888}"
EndProject
Project("{FAE04EC0-301F-11D3-BF4B-00C04F79EFBC}") = "BuildingGraph.Integration.RevitUI", "BuildingGraph.Integration.RevitUI\BuildingGraph.Integration.RevitUI.csproj", "{F5FECC1A-9803-43EA-A217-E9D321A7C2D2}"
EndProject
Project("{D954291E-2A0B-460D-934E-DC6B0785DB48}") = "BuildConfigurations", "BuildConfigurations\BuildConfigurations.shproj", "{59589E76-D411-4579-810D-A08074E453E7}"
EndProject
Project("{FAE04EC0-301F-11D3-BF4B-00C04F79EFBC}") = "BuildingGraph.Client", "BuildingGraph.Client\BuildingGraph.Client.csproj", "{6217D742-11DC-40D1-8125-D2B98414BE03}"
EndProject
Project("{FAE04EC0-301F-11D3-BF4B-00C04F79EFBC}") = "BuildingGraph.Client.Tests", "BuildingGraph.Client.Tests\BuildingGraph.Client.Tests.csproj", "{F365CBD0-8FC4-4706-837D-928FDA741A35}"
EndProject
Project("{FAE04EC0-301F-11D3-BF4B-00C04F79EFBC}") = "BuildingGraph.Integration.RhinoGrasshopper", "BuildingGraph.Integration.RhinoGrasshopper\BuildingGraph.Integration.RhinoGrasshopper.csproj", "{3DB3BD80-74D4-4523-A201-C3CE20D855E8}"
EndProject
Project("{FAE04EC0-301F-11D3-BF4B-00C04F79EFBC}") = "BuildingGraph.Integration.Dynamo", "BuildingGraph.Integration.Dynamo\BuildingGraph.Integration.Dynamo.csproj", "{86A8B497-BD80-4123-8C03-3468BDBCA2A9}"
EndProject
Global
	GlobalSection(SharedMSBuildProjectFiles) = preSolution
		BuildConfigurations\RevitBuildConfigurations.projitems*{59589e76-d411-4579-810d-a08074e453e7}*SharedItemsImports = 13
	EndGlobalSection
	GlobalSection(SolutionConfigurationPlatforms) = preSolution
		Debug2018|x64 = Debug2018|x64
		Debug2019|x64 = Debug2019|x64
		Debug2020|x64 = Debug2020|x64
		Release2018|x64 = Release2018|x64
		Release2019|x64 = Release2019|x64
		Release2020|x64 = Release2020|x64
	EndGlobalSection
	GlobalSection(ProjectConfigurationPlatforms) = postSolution
		{93280FF6-C2CC-4ECE-8C26-D6794F7121D3}.Debug2018|Any CPU.ActiveCfg = RV2019Release|x64
		{93280FF6-C2CC-4ECE-8C26-D6794F7121D3}.Debug2018|Any CPU.Build.0 = RV2019Release|x64
		{93280FF6-C2CC-4ECE-8C26-D6794F7121D3}.Debug2018|x64.ActiveCfg = RV2018DBDebug|x64
		{93280FF6-C2CC-4ECE-8C26-D6794F7121D3}.Debug2018|x64.Build.0 = RV2018DBDebug|x64
		{93280FF6-C2CC-4ECE-8C26-D6794F7121D3}.Debug2019|Any CPU.ActiveCfg = RV2019Release|x64
		{93280FF6-C2CC-4ECE-8C26-D6794F7121D3}.Debug2019|Any CPU.Build.0 = RV2019Release|x64
		{93280FF6-C2CC-4ECE-8C26-D6794F7121D3}.Debug2019|x64.ActiveCfg = RV2019DBDebug|x64
		{93280FF6-C2CC-4ECE-8C26-D6794F7121D3}.Debug2019|x64.Build.0 = RV2019DBDebug|x64
		{93280FF6-C2CC-4ECE-8C26-D6794F7121D3}.Debug2020|Any CPU.ActiveCfg = RV2020Debug|x64
		{93280FF6-C2CC-4ECE-8C26-D6794F7121D3}.Debug2020|Any CPU.Build.0 = RV2020Debug|x64
		{93280FF6-C2CC-4ECE-8C26-D6794F7121D3}.Debug2020|x64.ActiveCfg = RV2020DBDebug|x64
		{93280FF6-C2CC-4ECE-8C26-D6794F7121D3}.Debug2020|x64.Build.0 = RV2020DBDebug|x64
		{93280FF6-C2CC-4ECE-8C26-D6794F7121D3}.Release2018|Any CPU.ActiveCfg = RV2019Release|x64
		{93280FF6-C2CC-4ECE-8C26-D6794F7121D3}.Release2018|Any CPU.Build.0 = RV2019Release|x64
		{93280FF6-C2CC-4ECE-8C26-D6794F7121D3}.Release2018|x64.ActiveCfg = RV2018DBRelease|x64
		{93280FF6-C2CC-4ECE-8C26-D6794F7121D3}.Release2018|x64.Build.0 = RV2018DBRelease|x64
		{93280FF6-C2CC-4ECE-8C26-D6794F7121D3}.Release2019|Any CPU.ActiveCfg = RV2019Release|x64
		{93280FF6-C2CC-4ECE-8C26-D6794F7121D3}.Release2019|Any CPU.Build.0 = RV2019Release|x64
		{93280FF6-C2CC-4ECE-8C26-D6794F7121D3}.Release2019|x64.ActiveCfg = RV2020DBRelease|x64
		{93280FF6-C2CC-4ECE-8C26-D6794F7121D3}.Release2019|x64.Build.0 = RV2020DBRelease|x64
		{93280FF6-C2CC-4ECE-8C26-D6794F7121D3}.Release2020|Any CPU.ActiveCfg = RV2019Release|x64
		{93280FF6-C2CC-4ECE-8C26-D6794F7121D3}.Release2020|Any CPU.Build.0 = RV2019Release|x64
		{93280FF6-C2CC-4ECE-8C26-D6794F7121D3}.Release2020|x64.ActiveCfg = RV2020DBRelease|x64
		{93280FF6-C2CC-4ECE-8C26-D6794F7121D3}.Release2020|x64.Build.0 = RV2020DBRelease|x64
		{400E1964-B716-4EA4-B21E-15C1F2135888}.Debug2018|Any CPU.ActiveCfg = Debug|x64
		{400E1964-B716-4EA4-B21E-15C1F2135888}.Debug2018|Any CPU.Build.0 = Debug|x64
		{400E1964-B716-4EA4-B21E-15C1F2135888}.Debug2018|x64.ActiveCfg = Debug|x64
		{400E1964-B716-4EA4-B21E-15C1F2135888}.Debug2018|x64.Build.0 = Debug|x64
		{400E1964-B716-4EA4-B21E-15C1F2135888}.Debug2019|Any CPU.ActiveCfg = Debug|Any CPU
		{400E1964-B716-4EA4-B21E-15C1F2135888}.Debug2019|Any CPU.Build.0 = Debug|Any CPU
		{400E1964-B716-4EA4-B21E-15C1F2135888}.Debug2019|x64.ActiveCfg = Debug|x64
		{400E1964-B716-4EA4-B21E-15C1F2135888}.Debug2019|x64.Build.0 = Debug|x64
		{400E1964-B716-4EA4-B21E-15C1F2135888}.Debug2020|Any CPU.ActiveCfg = Debug|x64
		{400E1964-B716-4EA4-B21E-15C1F2135888}.Debug2020|Any CPU.Build.0 = Debug|x64
		{400E1964-B716-4EA4-B21E-15C1F2135888}.Debug2020|x64.ActiveCfg = Debug|x64
		{400E1964-B716-4EA4-B21E-15C1F2135888}.Debug2020|x64.Build.0 = Debug|x64
		{400E1964-B716-4EA4-B21E-15C1F2135888}.Release2018|Any CPU.ActiveCfg = Release|Any CPU
		{400E1964-B716-4EA4-B21E-15C1F2135888}.Release2018|Any CPU.Build.0 = Release|Any CPU
		{400E1964-B716-4EA4-B21E-15C1F2135888}.Release2018|x64.ActiveCfg = Release|x64
		{400E1964-B716-4EA4-B21E-15C1F2135888}.Release2018|x64.Build.0 = Release|x64
		{400E1964-B716-4EA4-B21E-15C1F2135888}.Release2019|Any CPU.ActiveCfg = Release|Any CPU
		{400E1964-B716-4EA4-B21E-15C1F2135888}.Release2019|Any CPU.Build.0 = Release|Any CPU
		{400E1964-B716-4EA4-B21E-15C1F2135888}.Release2019|x64.ActiveCfg = Release|x64
		{400E1964-B716-4EA4-B21E-15C1F2135888}.Release2019|x64.Build.0 = Release|x64
		{400E1964-B716-4EA4-B21E-15C1F2135888}.Release2020|Any CPU.ActiveCfg = Release|Any CPU
		{400E1964-B716-4EA4-B21E-15C1F2135888}.Release2020|Any CPU.Build.0 = Release|Any CPU
		{400E1964-B716-4EA4-B21E-15C1F2135888}.Release2020|x64.ActiveCfg = Release|x64
		{400E1964-B716-4EA4-B21E-15C1F2135888}.Release2020|x64.Build.0 = Release|x64
		{F5FECC1A-9803-43EA-A217-E9D321A7C2D2}.Debug2018|Any CPU.ActiveCfg = RV2019DBRelease|x64
		{F5FECC1A-9803-43EA-A217-E9D321A7C2D2}.Debug2018|Any CPU.Build.0 = RV2019DBRelease|x64
		{F5FECC1A-9803-43EA-A217-E9D321A7C2D2}.Debug2018|x64.ActiveCfg = RV2018Debug|x64
		{F5FECC1A-9803-43EA-A217-E9D321A7C2D2}.Debug2018|x64.Build.0 = RV2018Debug|x64
		{F5FECC1A-9803-43EA-A217-E9D321A7C2D2}.Debug2019|Any CPU.ActiveCfg = RV2019DBRelease|x64
		{F5FECC1A-9803-43EA-A217-E9D321A7C2D2}.Debug2019|Any CPU.Build.0 = RV2019DBRelease|x64
		{F5FECC1A-9803-43EA-A217-E9D321A7C2D2}.Debug2019|x64.ActiveCfg = RV2019Debug|x64
		{F5FECC1A-9803-43EA-A217-E9D321A7C2D2}.Debug2019|x64.Build.0 = RV2019Debug|x64
		{F5FECC1A-9803-43EA-A217-E9D321A7C2D2}.Debug2020|Any CPU.ActiveCfg = Debug2020|x64
		{F5FECC1A-9803-43EA-A217-E9D321A7C2D2}.Debug2020|x64.ActiveCfg = RV2020Debug|x64
		{F5FECC1A-9803-43EA-A217-E9D321A7C2D2}.Debug2020|x64.Build.0 = RV2020Debug|x64
		{F5FECC1A-9803-43EA-A217-E9D321A7C2D2}.Release2018|Any CPU.ActiveCfg = RV2019DBRelease|x64
		{F5FECC1A-9803-43EA-A217-E9D321A7C2D2}.Release2018|Any CPU.Build.0 = RV2019DBRelease|x64
		{F5FECC1A-9803-43EA-A217-E9D321A7C2D2}.Release2018|x64.ActiveCfg = RV2018Release|x64
		{F5FECC1A-9803-43EA-A217-E9D321A7C2D2}.Release2018|x64.Build.0 = RV2018Release|x64
		{F5FECC1A-9803-43EA-A217-E9D321A7C2D2}.Release2019|Any CPU.ActiveCfg = RV2019DBRelease|x64
		{F5FECC1A-9803-43EA-A217-E9D321A7C2D2}.Release2019|Any CPU.Build.0 = RV2019DBRelease|x64
		{F5FECC1A-9803-43EA-A217-E9D321A7C2D2}.Release2019|x64.ActiveCfg = RV2019Release|x64
		{F5FECC1A-9803-43EA-A217-E9D321A7C2D2}.Release2019|x64.Build.0 = RV2019Release|x64
		{F5FECC1A-9803-43EA-A217-E9D321A7C2D2}.Release2020|Any CPU.ActiveCfg = RV2019DBRelease|x64
		{F5FECC1A-9803-43EA-A217-E9D321A7C2D2}.Release2020|Any CPU.Build.0 = RV2019DBRelease|x64
		{F5FECC1A-9803-43EA-A217-E9D321A7C2D2}.Release2020|x64.ActiveCfg = RV2020Release|x64
		{F5FECC1A-9803-43EA-A217-E9D321A7C2D2}.Release2020|x64.Build.0 = RV2020Release|x64
		{6217D742-11DC-40D1-8125-D2B98414BE03}.Debug2018|Any CPU.ActiveCfg = Debug|x64
		{6217D742-11DC-40D1-8125-D2B98414BE03}.Debug2018|Any CPU.Build.0 = Debug|x64
		{6217D742-11DC-40D1-8125-D2B98414BE03}.Debug2018|x64.ActiveCfg = Debug|x64
		{6217D742-11DC-40D1-8125-D2B98414BE03}.Debug2018|x64.Build.0 = Debug|x64
		{6217D742-11DC-40D1-8125-D2B98414BE03}.Debug2019|Any CPU.ActiveCfg = Debug|Any CPU
		{6217D742-11DC-40D1-8125-D2B98414BE03}.Debug2019|Any CPU.Build.0 = Debug|Any CPU
		{6217D742-11DC-40D1-8125-D2B98414BE03}.Debug2019|x64.ActiveCfg = Debug|x64
		{6217D742-11DC-40D1-8125-D2B98414BE03}.Debug2019|x64.Build.0 = Debug|x64
		{6217D742-11DC-40D1-8125-D2B98414BE03}.Debug2020|Any CPU.ActiveCfg = Debug|x64
		{6217D742-11DC-40D1-8125-D2B98414BE03}.Debug2020|Any CPU.Build.0 = Debug|x64
		{6217D742-11DC-40D1-8125-D2B98414BE03}.Debug2020|x64.ActiveCfg = Debug|x64
		{6217D742-11DC-40D1-8125-D2B98414BE03}.Debug2020|x64.Build.0 = Debug|x64
		{6217D742-11DC-40D1-8125-D2B98414BE03}.Release2018|Any CPU.ActiveCfg = Release|Any CPU
		{6217D742-11DC-40D1-8125-D2B98414BE03}.Release2018|Any CPU.Build.0 = Release|Any CPU
		{6217D742-11DC-40D1-8125-D2B98414BE03}.Release2018|x64.ActiveCfg = Release|x64
		{6217D742-11DC-40D1-8125-D2B98414BE03}.Release2018|x64.Build.0 = Release|x64
		{6217D742-11DC-40D1-8125-D2B98414BE03}.Release2019|Any CPU.ActiveCfg = Release|Any CPU
		{6217D742-11DC-40D1-8125-D2B98414BE03}.Release2019|Any CPU.Build.0 = Release|Any CPU
		{6217D742-11DC-40D1-8125-D2B98414BE03}.Release2019|x64.ActiveCfg = Release|x64
		{6217D742-11DC-40D1-8125-D2B98414BE03}.Release2019|x64.Build.0 = Release|x64
		{6217D742-11DC-40D1-8125-D2B98414BE03}.Release2020|Any CPU.ActiveCfg = Release|Any CPU
		{6217D742-11DC-40D1-8125-D2B98414BE03}.Release2020|Any CPU.Build.0 = Release|Any CPU
		{6217D742-11DC-40D1-8125-D2B98414BE03}.Release2020|x64.ActiveCfg = Release|x64
		{6217D742-11DC-40D1-8125-D2B98414BE03}.Release2020|x64.Build.0 = Release|x64
		{F365CBD0-8FC4-4706-837D-928FDA741A35}.Debug2018|Any CPU.ActiveCfg = Debug|x64
		{F365CBD0-8FC4-4706-837D-928FDA741A35}.Debug2018|Any CPU.Build.0 = Debug|x64
		{F365CBD0-8FC4-4706-837D-928FDA741A35}.Debug2018|x64.ActiveCfg = Debug|x64
		{F365CBD0-8FC4-4706-837D-928FDA741A35}.Debug2018|x64.Build.0 = Debug|x64
		{F365CBD0-8FC4-4706-837D-928FDA741A35}.Debug2019|Any CPU.ActiveCfg = Debug|Any CPU
		{F365CBD0-8FC4-4706-837D-928FDA741A35}.Debug2019|Any CPU.Build.0 = Debug|Any CPU
		{F365CBD0-8FC4-4706-837D-928FDA741A35}.Debug2019|x64.ActiveCfg = Debug|x64
		{F365CBD0-8FC4-4706-837D-928FDA741A35}.Debug2019|x64.Build.0 = Debug|x64
		{F365CBD0-8FC4-4706-837D-928FDA741A35}.Debug2020|Any CPU.ActiveCfg = Debug|x64
		{F365CBD0-8FC4-4706-837D-928FDA741A35}.Debug2020|Any CPU.Build.0 = Debug|x64
		{F365CBD0-8FC4-4706-837D-928FDA741A35}.Debug2020|x64.ActiveCfg = Debug|x64
		{F365CBD0-8FC4-4706-837D-928FDA741A35}.Debug2020|x64.Build.0 = Debug|x64
		{F365CBD0-8FC4-4706-837D-928FDA741A35}.Release2018|Any CPU.ActiveCfg = Release|Any CPU
		{F365CBD0-8FC4-4706-837D-928FDA741A35}.Release2018|Any CPU.Build.0 = Release|Any CPU
		{F365CBD0-8FC4-4706-837D-928FDA741A35}.Release2018|x64.ActiveCfg = Release|x64
		{F365CBD0-8FC4-4706-837D-928FDA741A35}.Release2018|x64.Build.0 = Release|x64
		{F365CBD0-8FC4-4706-837D-928FDA741A35}.Release2019|Any CPU.ActiveCfg = Release|Any CPU
		{F365CBD0-8FC4-4706-837D-928FDA741A35}.Release2019|Any CPU.Build.0 = Release|Any CPU
		{F365CBD0-8FC4-4706-837D-928FDA741A35}.Release2019|x64.ActiveCfg = Release|x64
		{F365CBD0-8FC4-4706-837D-928FDA741A35}.Release2019|x64.Build.0 = Release|x64
		{F365CBD0-8FC4-4706-837D-928FDA741A35}.Release2020|Any CPU.ActiveCfg = Release|Any CPU
		{F365CBD0-8FC4-4706-837D-928FDA741A35}.Release2020|Any CPU.Build.0 = Release|Any CPU
		{F365CBD0-8FC4-4706-837D-928FDA741A35}.Release2020|x64.ActiveCfg = Release|x64
		{F365CBD0-8FC4-4706-837D-928FDA741A35}.Release2020|x64.Build.0 = Release|x64
		{3DB3BD80-74D4-4523-A201-C3CE20D855E8}.Debug2018|Any CPU.ActiveCfg = Debug|Any CPU
		{3DB3BD80-74D4-4523-A201-C3CE20D855E8}.Debug2018|Any CPU.Build.0 = Debug|Any CPU
		{3DB3BD80-74D4-4523-A201-C3CE20D855E8}.Debug2018|x64.ActiveCfg = Debug|Any CPU
		{3DB3BD80-74D4-4523-A201-C3CE20D855E8}.Debug2018|x64.Build.0 = Debug|Any CPU
		{3DB3BD80-74D4-4523-A201-C3CE20D855E8}.Debug2019|Any CPU.ActiveCfg = Debug|Any CPU
		{3DB3BD80-74D4-4523-A201-C3CE20D855E8}.Debug2019|Any CPU.Build.0 = Debug|Any CPU
		{3DB3BD80-74D4-4523-A201-C3CE20D855E8}.Debug2019|x64.ActiveCfg = Debug|Any CPU
		{3DB3BD80-74D4-4523-A201-C3CE20D855E8}.Debug2019|x64.Build.0 = Debug|Any CPU
		{3DB3BD80-74D4-4523-A201-C3CE20D855E8}.Debug2020|Any CPU.ActiveCfg = Debug|Any CPU
		{3DB3BD80-74D4-4523-A201-C3CE20D855E8}.Debug2020|Any CPU.Build.0 = Debug|Any CPU
		{3DB3BD80-74D4-4523-A201-C3CE20D855E8}.Debug2020|x64.ActiveCfg = Debug|Any CPU
		{3DB3BD80-74D4-4523-A201-C3CE20D855E8}.Debug2020|x64.Build.0 = Debug|Any CPU
		{3DB3BD80-74D4-4523-A201-C3CE20D855E8}.Release2018|Any CPU.ActiveCfg = Release|Any CPU
		{3DB3BD80-74D4-4523-A201-C3CE20D855E8}.Release2018|Any CPU.Build.0 = Release|Any CPU
		{3DB3BD80-74D4-4523-A201-C3CE20D855E8}.Release2018|x64.ActiveCfg = Release|Any CPU
		{3DB3BD80-74D4-4523-A201-C3CE20D855E8}.Release2018|x64.Build.0 = Release|Any CPU
		{3DB3BD80-74D4-4523-A201-C3CE20D855E8}.Release2019|Any CPU.ActiveCfg = Release|Any CPU
		{3DB3BD80-74D4-4523-A201-C3CE20D855E8}.Release2019|Any CPU.Build.0 = Release|Any CPU
		{3DB3BD80-74D4-4523-A201-C3CE20D855E8}.Release2019|x64.ActiveCfg = Release|Any CPU
		{3DB3BD80-74D4-4523-A201-C3CE20D855E8}.Release2019|x64.Build.0 = Release|Any CPU
		{3DB3BD80-74D4-4523-A201-C3CE20D855E8}.Release2020|Any CPU.ActiveCfg = Release|Any CPU
		{3DB3BD80-74D4-4523-A201-C3CE20D855E8}.Release2020|Any CPU.Build.0 = Release|Any CPU
		{3DB3BD80-74D4-4523-A201-C3CE20D855E8}.Release2020|x64.ActiveCfg = Release|Any CPU
		{3DB3BD80-74D4-4523-A201-C3CE20D855E8}.Release2020|x64.Build.0 = Release|Any CPU
		{86A8B497-BD80-4123-8C03-3468BDBCA2A9}.Debug2018|Any CPU.ActiveCfg = Debug|Any CPU
		{86A8B497-BD80-4123-8C03-3468BDBCA2A9}.Debug2018|Any CPU.Build.0 = Debug|Any CPU
		{86A8B497-BD80-4123-8C03-3468BDBCA2A9}.Debug2018|x64.ActiveCfg = Debug|Any CPU
		{86A8B497-BD80-4123-8C03-3468BDBCA2A9}.Debug2018|x64.Build.0 = Debug|Any CPU
		{86A8B497-BD80-4123-8C03-3468BDBCA2A9}.Debug2019|Any CPU.ActiveCfg = Debug|Any CPU
		{86A8B497-BD80-4123-8C03-3468BDBCA2A9}.Debug2019|Any CPU.Build.0 = Debug|Any CPU
		{86A8B497-BD80-4123-8C03-3468BDBCA2A9}.Debug2019|x64.ActiveCfg = Debug|Any CPU
		{86A8B497-BD80-4123-8C03-3468BDBCA2A9}.Debug2019|x64.Build.0 = Debug|Any CPU
		{86A8B497-BD80-4123-8C03-3468BDBCA2A9}.Debug2020|Any CPU.ActiveCfg = Debug|Any CPU
		{86A8B497-BD80-4123-8C03-3468BDBCA2A9}.Debug2020|Any CPU.Build.0 = Debug|Any CPU
		{86A8B497-BD80-4123-8C03-3468BDBCA2A9}.Debug2020|x64.ActiveCfg = Debug|Any CPU
		{86A8B497-BD80-4123-8C03-3468BDBCA2A9}.Debug2020|x64.Build.0 = Debug|Any CPU
		{86A8B497-BD80-4123-8C03-3468BDBCA2A9}.Release2018|Any CPU.ActiveCfg = Release|Any CPU
		{86A8B497-BD80-4123-8C03-3468BDBCA2A9}.Release2018|Any CPU.Build.0 = Release|Any CPU
		{86A8B497-BD80-4123-8C03-3468BDBCA2A9}.Release2018|x64.ActiveCfg = Release|Any CPU
		{86A8B497-BD80-4123-8C03-3468BDBCA2A9}.Release2018|x64.Build.0 = Release|Any CPU
		{86A8B497-BD80-4123-8C03-3468BDBCA2A9}.Release2019|Any CPU.ActiveCfg = Release|Any CPU
		{86A8B497-BD80-4123-8C03-3468BDBCA2A9}.Release2019|Any CPU.Build.0 = Release|Any CPU
		{86A8B497-BD80-4123-8C03-3468BDBCA2A9}.Release2019|x64.ActiveCfg = Release|Any CPU
		{86A8B497-BD80-4123-8C03-3468BDBCA2A9}.Release2019|x64.Build.0 = Release|Any CPU
		{86A8B497-BD80-4123-8C03-3468BDBCA2A9}.Release2020|Any CPU.ActiveCfg = Release|Any CPU
		{86A8B497-BD80-4123-8C03-3468BDBCA2A9}.Release2020|Any CPU.Build.0 = Release|Any CPU
		{86A8B497-BD80-4123-8C03-3468BDBCA2A9}.Release2020|x64.ActiveCfg = Release|Any CPU
		{86A8B497-BD80-4123-8C03-3468BDBCA2A9}.Release2020|x64.Build.0 = Release|Any CPU
	EndGlobalSection
	GlobalSection(SolutionProperties) = preSolution
		HideSolutionNode = FALSE
	EndGlobalSection
	GlobalSection(ExtensibilityGlobals) = postSolution
		SolutionGuid = {D56EF679-D1D3-4CB1-BE53-7981591D6E5E}
	EndGlobalSection
EndGlobal
